
Microsoft Visual Studio Solution File, Format Version 12.00
# Visual Studio 15
VisualStudioVersion = 15.0.27428.2015
MinimumVisualStudioVersion = 10.0.40219.1
Project("{FAE04EC0-301F-11D3-BF4B-00C04F79EFBC}") = "videoToArcive", "videoToArcive\videoToArcive.csproj", "{CE8AF816-573A-4739-B754-E0A0534E966E}"
EndProject
Global
	GlobalSection(SolutionConfigurationPlatforms) = preSolution
		Debug|Any CPU = Debug|Any CPU
		Release|Any CPU = Release|Any CPU
	EndGlobalSection
	GlobalSection(ProjectConfigurationPlatforms) = postSolution
		{CE8AF816-573A-4739-B754-E0A0534E966E}.Debug|Any CPU.ActiveCfg = Debug|Any CPU
		{CE8AF816-573A-4739-B754-E0A0534E966E}.Debug|Any CPU.Build.0 = Debug|Any CPU
		{CE8AF816-573A-4739-B754-E0A0534E966E}.Release|Any CPU.ActiveCfg = Release|Any CPU
		{CE8AF816-573A-4739-B754-E0A0534E966E}.Release|Any CPU.Build.0 = Release|Any CPU
	EndGlobalSection
	GlobalSection(SolutionProperties) = preSolution
		HideSolutionNode = FALSE
	EndGlobalSection
	GlobalSection(ExtensibilityGlobals) = postSolution
		SolutionGuid = {3F54F0B4-2A46-4A3E-9DE2-35C9070BB41E}
	EndGlobalSection
EndGlobal
